
Microsoft Visual Studio Solution File, Format Version 12.00
# Visual Studio Version 17
VisualStudioVersion = 17.9.34714.143
MinimumVisualStudioVersion = 10.0.40219.1
Project("{8BC9CEB8-8B4A-11D0-8D11-00A0C91BC942}") = "IPcalculator", "IPcalculator\IPcalculator.vcxproj", "{3AEAE92E-92B7-47A9-9F8D-07535CC40EC6}"
EndProject
Global
	GlobalSection(SolutionConfigurationPlatforms) = preSolution
		Debug|x64 = Debug|x64
		Debug|x86 = Debug|x86
		Release|x64 = Release|x64
		Release|x86 = Release|x86
	EndGlobalSection
	GlobalSection(ProjectConfigurationPlatforms) = postSolution
		{3AEAE92E-92B7-47A9-9F8D-07535CC40EC6}.Debug|x64.ActiveCfg = Debug|x64
		{3AEAE92E-92B7-47A9-9F8D-07535CC40EC6}.Debug|x64.Build.0 = Debug|x64
		{3AEAE92E-92B7-47A9-9F8D-07535CC40EC6}.Debug|x86.ActiveCfg = Debug|Win32
		{3AEAE92E-92B7-47A9-9F8D-07535CC40EC6}.Debug|x86.Build.0 = Debug|Win32
		{3AEAE92E-92B7-47A9-9F8D-07535CC40EC6}.Release|x64.ActiveCfg = Release|x64
		{3AEAE92E-92B7-47A9-9F8D-07535CC40EC6}.Release|x64.Build.0 = Release|x64
		{3AEAE92E-92B7-47A9-9F8D-07535CC40EC6}.Release|x86.ActiveCfg = Release|Win32
		{3AEAE92E-92B7-47A9-9F8D-07535CC40EC6}.Release|x86.Build.0 = Release|Win32
	EndGlobalSection
	GlobalSection(SolutionProperties) = preSolution
		HideSolutionNode = FALSE
	EndGlobalSection
	GlobalSection(ExtensibilityGlobals) = postSolution
		SolutionGuid = {4AAC7A68-DD34-4118-9EBC-507ADC719B17}
	EndGlobalSection
EndGlobal
